
Microsoft Visual Studio Solution File, Format Version 12.00
# Visual Studio 15
VisualStudioVersion = 15.0.27428.2005
MinimumVisualStudioVersion = 10.0.40219.1
Project("{FAE04EC0-301F-11D3-BF4B-00C04F79EFBC}") = "StorageAccount", "StorageAccount\StorageAccount.csproj", "{94D8943D-7E15-4A09-BB5A-D6850BD68936}"
EndProject
Project("{FAE04EC0-301F-11D3-BF4B-00C04F79EFBC}") = "AzureTables", "AzureTables\AzureTables.csproj", "{2CD289B8-D445-4661-82B1-6A41B2DEB2AF}"
EndProject
Project("{FAE04EC0-301F-11D3-BF4B-00C04F79EFBC}") = "AzureQueue", "AzureQueue\AzureQueue.csproj", "{42800DA2-8981-4695-B026-00F8383D0077}"
EndProject
Project("{FAE04EC0-301F-11D3-BF4B-00C04F79EFBC}") = "StorageAccess", "StorageAccess\StorageAccess.csproj", "{19EE0693-71B3-418B-9860-4C0814CB3636}"
EndProject
Project("{FAE04EC0-301F-11D3-BF4B-00C04F79EFBC}") = "DocumentDB", "DocumentDB\DocumentDB.csproj", "{475AD698-4542-4A5B-B30F-358692EBF40A}"
EndProject
Global
	GlobalSection(SolutionConfigurationPlatforms) = preSolution
		Debug|Any CPU = Debug|Any CPU
		Release|Any CPU = Release|Any CPU
	EndGlobalSection
	GlobalSection(ProjectConfigurationPlatforms) = postSolution
		{94D8943D-7E15-4A09-BB5A-D6850BD68936}.Debug|Any CPU.ActiveCfg = Debug|Any CPU
		{94D8943D-7E15-4A09-BB5A-D6850BD68936}.Debug|Any CPU.Build.0 = Debug|Any CPU
		{94D8943D-7E15-4A09-BB5A-D6850BD68936}.Release|Any CPU.ActiveCfg = Release|Any CPU
		{94D8943D-7E15-4A09-BB5A-D6850BD68936}.Release|Any CPU.Build.0 = Release|Any CPU
		{2CD289B8-D445-4661-82B1-6A41B2DEB2AF}.Debug|Any CPU.ActiveCfg = Debug|Any CPU
		{2CD289B8-D445-4661-82B1-6A41B2DEB2AF}.Debug|Any CPU.Build.0 = Debug|Any CPU
		{2CD289B8-D445-4661-82B1-6A41B2DEB2AF}.Release|Any CPU.ActiveCfg = Release|Any CPU
		{2CD289B8-D445-4661-82B1-6A41B2DEB2AF}.Release|Any CPU.Build.0 = Release|Any CPU
		{42800DA2-8981-4695-B026-00F8383D0077}.Debug|Any CPU.ActiveCfg = Debug|Any CPU
		{42800DA2-8981-4695-B026-00F8383D0077}.Debug|Any CPU.Build.0 = Debug|Any CPU
		{42800DA2-8981-4695-B026-00F8383D0077}.Release|Any CPU.ActiveCfg = Release|Any CPU
		{42800DA2-8981-4695-B026-00F8383D0077}.Release|Any CPU.Build.0 = Release|Any CPU
		{19EE0693-71B3-418B-9860-4C0814CB3636}.Debug|Any CPU.ActiveCfg = Debug|Any CPU
		{19EE0693-71B3-418B-9860-4C0814CB3636}.Debug|Any CPU.Build.0 = Debug|Any CPU
		{19EE0693-71B3-418B-9860-4C0814CB3636}.Release|Any CPU.ActiveCfg = Release|Any CPU
		{19EE0693-71B3-418B-9860-4C0814CB3636}.Release|Any CPU.Build.0 = Release|Any CPU
		{475AD698-4542-4A5B-B30F-358692EBF40A}.Debug|Any CPU.ActiveCfg = Debug|Any CPU
		{475AD698-4542-4A5B-B30F-358692EBF40A}.Debug|Any CPU.Build.0 = Debug|Any CPU
		{475AD698-4542-4A5B-B30F-358692EBF40A}.Release|Any CPU.ActiveCfg = Release|Any CPU
		{475AD698-4542-4A5B-B30F-358692EBF40A}.Release|Any CPU.Build.0 = Release|Any CPU
	EndGlobalSection
	GlobalSection(SolutionProperties) = preSolution
		HideSolutionNode = FALSE
	EndGlobalSection
	GlobalSection(ExtensibilityGlobals) = postSolution
		SolutionGuid = {2A418C90-B177-4B1F-92DC-DBC5998A338A}
	EndGlobalSection
EndGlobal
